
Microsoft Visual Studio Solution File, Format Version 12.00
# Visual Studio 2012
Project("{8BC9CEB8-8B4A-11D0-8D11-00A0C91BC942}") = "Eye-Iris-Entropy-Detection", "OpenCV-MachineLearning\OpenCV-MachineLearning.vcxproj", "{40F683D9-2220-4C1C-81B1-0CCDA2F29CCE}"
EndProject
Global
	GlobalSection(SolutionConfigurationPlatforms) = preSolution
		Debug|Win32 = Debug|Win32
		Release|Win32 = Release|Win32
	EndGlobalSection
	GlobalSection(ProjectConfigurationPlatforms) = postSolution
		{40F683D9-2220-4C1C-81B1-0CCDA2F29CCE}.Debug|Win32.ActiveCfg = Debug|Win32
		{40F683D9-2220-4C1C-81B1-0CCDA2F29CCE}.Debug|Win32.Build.0 = Debug|Win32
		{40F683D9-2220-4C1C-81B1-0CCDA2F29CCE}.Release|Win32.ActiveCfg = Release|Win32
		{40F683D9-2220-4C1C-81B1-0CCDA2F29CCE}.Release|Win32.Build.0 = Release|Win32
	EndGlobalSection
	GlobalSection(SolutionProperties) = preSolution
		HideSolutionNode = FALSE
	EndGlobalSection
	GlobalSection(Performance) = preSolution
		HasPerformanceSessions = true
	EndGlobalSection
EndGlobal
